// !$*UTF8*$!
{
	archiveVersion = 1;
	classes = {
	};
	objectVersion = 51;
	objects = {

/* Begin PBXBuildFile section */
		1C1BE4AD8045223682632323 /* Pods_SuperStore.framework in Frameworks */ = {isa = PBXBuildFile; fileRef = 2A6527B7848ED54283EE5DD9 /* Pods_SuperStore.framework */; };
		2C1567BA24C77FD800B8DCB5 /* AppDelegate.swift in Sources */ = {isa = PBXBuildFile; fileRef = 2C1567B924C77FD800B8DCB5 /* AppDelegate.swift */; };
		2C1567BC24C77FD800B8DCB5 /* SceneDelegate.swift in Sources */ = {isa = PBXBuildFile; fileRef = 2C1567BB24C77FD800B8DCB5 /* SceneDelegate.swift */; };
		2C1567C124C77FD800B8DCB5 /* Main.storyboard in Resources */ = {isa = PBXBuildFile; fileRef = 2C1567BF24C77FD800B8DCB5 /* Main.storyboard */; };
		2C1567C324C77FDB00B8DCB5 /* Assets.xcassets in Resources */ = {isa = PBXBuildFile; fileRef = 2C1567C224C77FDB00B8DCB5 /* Assets.xcassets */; };
		2C1567C624C77FDB00B8DCB5 /* LaunchScreen.storyboard in Resources */ = {isa = PBXBuildFile; fileRef = 2C1567C424C77FDB00B8DCB5 /* LaunchScreen.storyboard */; };
		2C1567D124C8B33700B8DCB5 /* HomeViewController.swift in Sources */ = {isa = PBXBuildFile; fileRef = 2C1567D024C8B33700B8DCB5 /* HomeViewController.swift */; };
		2C1567D324C8B34700B8DCB5 /* SearchViewController.swift in Sources */ = {isa = PBXBuildFile; fileRef = 2C1567D224C8B34700B8DCB5 /* SearchViewController.swift */; };
		2C1567D724C8B36200B8DCB5 /* ListsViewController.swift in Sources */ = {isa = PBXBuildFile; fileRef = 2C1567D624C8B36200B8DCB5 /* ListsViewController.swift */; };
		2C1567D924C8B36E00B8DCB5 /* FavouritesViewController.swift in Sources */ = {isa = PBXBuildFile; fileRef = 2C1567D824C8B36E00B8DCB5 /* FavouritesViewController.swift */; };
		2C1567DB24C8B3B200B8DCB5 /* K.swift in Sources */ = {isa = PBXBuildFile; fileRef = 2C1567DA24C8B3B200B8DCB5 /* K.swift */; };
		2C1567DD24C8B3F000B8DCB5 /* StoreViewController.swift in Sources */ = {isa = PBXBuildFile; fileRef = 2C1567DC24C8B3F000B8DCB5 /* StoreViewController.swift */; };
		2C1567DF24C994CA00B8DCB5 /* GroceriesViewController.swift in Sources */ = {isa = PBXBuildFile; fileRef = 2C1567DE24C994CA00B8DCB5 /* GroceriesViewController.swift */; };
		2C1567E124C9A0DF00B8DCB5 /* GroceryTableViewController.swift in Sources */ = {isa = PBXBuildFile; fileRef = 2C1567E024C9A0DF00B8DCB5 /* GroceryTableViewController.swift */; };
		2C1567E524CAD08300B8DCB5 /* ReviewViewController.swift in Sources */ = {isa = PBXBuildFile; fileRef = 2C1567E424CAD08300B8DCB5 /* ReviewViewController.swift */; };
		2C1567E724CAD62100B8DCB5 /* ReviewsViewController.swift in Sources */ = {isa = PBXBuildFile; fileRef = 2C1567E624CAD62100B8DCB5 /* ReviewsViewController.swift */; };
		2C1567EA24CADB6000B8DCB5 /* GroceryTableViewCell.swift in Sources */ = {isa = PBXBuildFile; fileRef = 2C1567E824CADB6000B8DCB5 /* GroceryTableViewCell.swift */; };
		2C1567EB24CADB6000B8DCB5 /* GroceryTableViewCell.xib in Resources */ = {isa = PBXBuildFile; fileRef = 2C1567E924CADB6000B8DCB5 /* GroceryTableViewCell.xib */; };
		2C1567F024CADB9C00B8DCB5 /* ReviewTableViewCell.swift in Sources */ = {isa = PBXBuildFile; fileRef = 2C1567EE24CADB9C00B8DCB5 /* ReviewTableViewCell.swift */; };
		2C1567F124CADB9C00B8DCB5 /* ReviewTableViewCell.xib in Resources */ = {isa = PBXBuildFile; fileRef = 2C1567EF24CADB9C00B8DCB5 /* ReviewTableViewCell.xib */; };
		2C1567F324CC830B00B8DCB5 /* ProductViewController.swift in Sources */ = {isa = PBXBuildFile; fileRef = 2C1567F224CC830B00B8DCB5 /* ProductViewController.swift */; };
		2C1567F524CC845600B8DCB5 /* IngredientsViewController.swift in Sources */ = {isa = PBXBuildFile; fileRef = 2C1567F424CC845600B8DCB5 /* IngredientsViewController.swift */; };
		2C266DF124D5A6C900C66EA5 /* ProductModel.swift in Sources */ = {isa = PBXBuildFile; fileRef = 2C266DF024D5A6C900C66EA5 /* ProductModel.swift */; };
		2C266DF324D5A6EA00C66EA5 /* ListProductModel.swift in Sources */ = {isa = PBXBuildFile; fileRef = 2C266DF224D5A6EA00C66EA5 /* ListProductModel.swift */; };
		2C266DF524D5DC1400C66EA5 /* NewListViewController.swift in Sources */ = {isa = PBXBuildFile; fileRef = 2C266DF424D5DC1400C66EA5 /* NewListViewController.swift */; };
		2C266DF724D5DEDA00C66EA5 /* ListModel.swift in Sources */ = {isa = PBXBuildFile; fileRef = 2C266DF624D5DEDA00C66EA5 /* ListModel.swift */; };
		2C266DF924D5DEF300C66EA5 /* StoreModel.swift in Sources */ = {isa = PBXBuildFile; fileRef = 2C266DF824D5DEF300C66EA5 /* StoreModel.swift */; };
		2C266DFB24D6E65A00C66EA5 /* GroceryGroupViewController.swift in Sources */ = {isa = PBXBuildFile; fileRef = 2C266DFA24D6E65A00C66EA5 /* GroceryGroupViewController.swift */; };
		2C266DFD24D6E73500C66EA5 /* GroceryGroupModel.swift in Sources */ = {isa = PBXBuildFile; fileRef = 2C266DFC24D6E73500C66EA5 /* GroceryGroupModel.swift */; };
		2C266DFF24D6FBC300C66EA5 /* SettingsChangeViewController.swift in Sources */ = {isa = PBXBuildFile; fileRef = 2C266DFE24D6FBC300C66EA5 /* SettingsChangeViewController.swift */; };
		2C266E0124D702BD00C66EA5 /* ChangePasswordViewController.swift in Sources */ = {isa = PBXBuildFile; fileRef = 2C266E0024D702BD00C66EA5 /* ChangePasswordViewController.swift */; };
		2C266E0324D70C3900C66EA5 /* SearchModel.swift in Sources */ = {isa = PBXBuildFile; fileRef = 2C266E0224D70C3900C66EA5 /* SearchModel.swift */; };
		2C3F537E24D184C80095C4B1 /* SearchTableViewCell.swift in Sources */ = {isa = PBXBuildFile; fileRef = 2C3F537C24D184C80095C4B1 /* SearchTableViewCell.swift */; };
		2C3F537F24D184C80095C4B1 /* SearchTableViewCell.xib in Resources */ = {isa = PBXBuildFile; fileRef = 2C3F537D24D184C80095C4B1 /* SearchTableViewCell.xib */; };
		2C5B5C6C24D084FD0095C920 /* SearchResultsViewController.swift in Sources */ = {isa = PBXBuildFile; fileRef = 2C5B5C6B24D084FD0095C920 /* SearchResultsViewController.swift */; };
		2C5B5C6E24D085780095C920 /* ResultsViewController.swift in Sources */ = {isa = PBXBuildFile; fileRef = 2C5B5C6D24D085780095C920 /* ResultsViewController.swift */; };
		2C9C1B7A24CCD07F001ACA35 /* ProductCollectionViewCell.swift in Sources */ = {isa = PBXBuildFile; fileRef = 2C9C1B7824CCD07F001ACA35 /* ProductCollectionViewCell.swift */; };
		2C9C1B7B24CCD07F001ACA35 /* ProductCollectionViewCell.xib in Resources */ = {isa = PBXBuildFile; fileRef = 2C9C1B7924CCD07F001ACA35 /* ProductCollectionViewCell.xib */; };
		2C9C1B8124CDD794001ACA35 /* ProductTableViewCell.swift in Sources */ = {isa = PBXBuildFile; fileRef = 2C9C1B7F24CDD794001ACA35 /* ProductTableViewCell.swift */; };
		2C9C1B8224CDD794001ACA35 /* ProductTableViewCell.xib in Resources */ = {isa = PBXBuildFile; fileRef = 2C9C1B8024CDD794001ACA35 /* ProductTableViewCell.xib */; };
		2C9C1B8524CDDDCE001ACA35 /* OpenSans-Regular.ttf in Resources */ = {isa = PBXBuildFile; fileRef = 2C9C1B7D24CDBE38001ACA35 /* OpenSans-Regular.ttf */; };
		2C9C1B8624CDDDCE001ACA35 /* OpenSans-ExtraBold.ttf in Resources */ = {isa = PBXBuildFile; fileRef = 2C9C1B8424CDDCFE001ACA35 /* OpenSans-ExtraBold.ttf */; };
		2C9C1B8724CDDDCE001ACA35 /* OpenSans-Bold.ttf in Resources */ = {isa = PBXBuildFile; fileRef = 2C9C1B8324CDDCF4001ACA35 /* OpenSans-Bold.ttf */; };
		2C9C1B8824CDDDCE001ACA35 /* OpenSans-SemiBold.ttf in Resources */ = {isa = PBXBuildFile; fileRef = 2C9C1B7E24CDBE38001ACA35 /* OpenSans-SemiBold.ttf */; };
		2C9C1B8D24CEEF6F001ACA35 /* StoresMapTableViewCell.swift in Sources */ = {isa = PBXBuildFile; fileRef = 2C9C1B8B24CEEF6F001ACA35 /* StoresMapTableViewCell.swift */; };
		2C9C1B8E24CEEF6F001ACA35 /* StoresMapTableViewCell.xib in Resources */ = {isa = PBXBuildFile; fileRef = 2C9C1B8C24CEEF6F001ACA35 /* StoresMapTableViewCell.xib */; };
		2C9C1B9124CEEF90001ACA35 /* ListPriceUpdateTableViewCell.swift in Sources */ = {isa = PBXBuildFile; fileRef = 2C9C1B8F24CEEF8F001ACA35 /* ListPriceUpdateTableViewCell.swift */; };
		2C9C1B9224CEEF90001ACA35 /* ListPriceUpdateTableViewCell.xib in Resources */ = {isa = PBXBuildFile; fileRef = 2C9C1B9024CEEF90001ACA35 /* ListPriceUpdateTableViewCell.xib */; };
		2CB15C7124D18F4100461AFE /* SearchStoresTableViewController.swift in Sources */ = {isa = PBXBuildFile; fileRef = 2CB15C7024D18F4100461AFE /* SearchStoresTableViewController.swift */; };
		2CB15C7624D190E500461AFE /* StoresResultsTableViewCell.swift in Sources */ = {isa = PBXBuildFile; fileRef = 2CB15C7424D190E500461AFE /* StoresResultsTableViewCell.swift */; };
		2CB15C7724D190E500461AFE /* StoresResultsTableViewCell.xib in Resources */ = {isa = PBXBuildFile; fileRef = 2CB15C7524D190E500461AFE /* StoresResultsTableViewCell.xib */; };
		2CB15C7D24D1A48E00461AFE /* SortFilterViewController.swift in Sources */ = {isa = PBXBuildFile; fileRef = 2CB15C7C24D1A48E00461AFE /* SortFilterViewController.swift */; };
		2CB15C8224D2D7FE00461AFE /* ListsTableViewCell.swift in Sources */ = {isa = PBXBuildFile; fileRef = 2CB15C8024D2D7FE00461AFE /* ListsTableViewCell.swift */; };
		2CB15C8324D2D7FE00461AFE /* ListsTableViewCell.xib in Resources */ = {isa = PBXBuildFile; fileRef = 2CB15C8124D2D7FE00461AFE /* ListsTableViewCell.xib */; };
		2CB15C9424D2FB8900461AFE /* ListItemTableViewCell.swift in Sources */ = {isa = PBXBuildFile; fileRef = 2CB15C9224D2FB8900461AFE /* ListItemTableViewCell.swift */; };
		2CB15C9524D2FB8900461AFE /* ListItemTableViewCell.xib in Resources */ = {isa = PBXBuildFile; fileRef = 2CB15C9324D2FB8900461AFE /* ListItemTableViewCell.xib */; };
		2CB15C9724D2FCD400461AFE /* ListViewController.swift in Sources */ = {isa = PBXBuildFile; fileRef = 2CB15C9624D2FCD400461AFE /* ListViewController.swift */; };
		2CB15C9924D36E7E00461AFE /* StoreSelectViewController.swift in Sources */ = {isa = PBXBuildFile; fileRef = 2CB15C9824D36E7E00461AFE /* StoreSelectViewController.swift */; };
		2CE7AB0224D077C700A31782 /* SettingsTableViewController.swift in Sources */ = {isa = PBXBuildFile; fileRef = 2CE7AB0124D077C700A31782 /* SettingsTableViewController.swift */; };
/* End PBXBuildFile section */

/* Begin PBXFileReference section */
		2A6527B7848ED54283EE5DD9 /* Pods_SuperStore.framework */ = {isa = PBXFileReference; explicitFileType = wrapper.framework; includeInIndex = 0; path = Pods_SuperStore.framework; sourceTree = BUILT_PRODUCTS_DIR; };
		2C1567B624C77FD800B8DCB5 /* SuperStore.app */ = {isa = PBXFileReference; explicitFileType = wrapper.application; includeInIndex = 0; path = SuperStore.app; sourceTree = BUILT_PRODUCTS_DIR; };
		2C1567B924C77FD800B8DCB5 /* AppDelegate.swift */ = {isa = PBXFileReference; lastKnownFileType = sourcecode.swift; path = AppDelegate.swift; sourceTree = "<group>"; };
		2C1567BB24C77FD800B8DCB5 /* SceneDelegate.swift */ = {isa = PBXFileReference; lastKnownFileType = sourcecode.swift; path = SceneDelegate.swift; sourceTree = "<group>"; };
		2C1567C024C77FD800B8DCB5 /* Base */ = {isa = PBXFileReference; lastKnownFileType = file.storyboard; name = Base; path = Base.lproj/Main.storyboard; sourceTree = "<group>"; };
		2C1567C224C77FDB00B8DCB5 /* Assets.xcassets */ = {isa = PBXFileReference; lastKnownFileType = folder.assetcatalog; path = Assets.xcassets; sourceTree = "<group>"; };
		2C1567C524C77FDB00B8DCB5 /* Base */ = {isa = PBXFileReference; lastKnownFileType = file.storyboard; name = Base; path = Base.lproj/LaunchScreen.storyboard; sourceTree = "<group>"; };
		2C1567C724C77FDB00B8DCB5 /* Info.plist */ = {isa = PBXFileReference; lastKnownFileType = text.plist.xml; path = Info.plist; sourceTree = "<group>"; };
		2C1567D024C8B33700B8DCB5 /* HomeViewController.swift */ = {isa = PBXFileReference; lastKnownFileType = sourcecode.swift; path = HomeViewController.swift; sourceTree = "<group>"; };
		2C1567D224C8B34700B8DCB5 /* SearchViewController.swift */ = {isa = PBXFileReference; lastKnownFileType = sourcecode.swift; path = SearchViewController.swift; sourceTree = "<group>"; };
		2C1567D624C8B36200B8DCB5 /* ListsViewController.swift */ = {isa = PBXFileReference; lastKnownFileType = sourcecode.swift; path = ListsViewController.swift; sourceTree = "<group>"; };
		2C1567D824C8B36E00B8DCB5 /* FavouritesViewController.swift */ = {isa = PBXFileReference; lastKnownFileType = sourcecode.swift; path = FavouritesViewController.swift; sourceTree = "<group>"; };
		2C1567DA24C8B3B200B8DCB5 /* K.swift */ = {isa = PBXFileReference; lastKnownFileType = sourcecode.swift; path = K.swift; sourceTree = "<group>"; };
		2C1567DC24C8B3F000B8DCB5 /* StoreViewController.swift */ = {isa = PBXFileReference; lastKnownFileType = sourcecode.swift; path = StoreViewController.swift; sourceTree = "<group>"; };
		2C1567DE24C994CA00B8DCB5 /* GroceriesViewController.swift */ = {isa = PBXFileReference; lastKnownFileType = sourcecode.swift; path = GroceriesViewController.swift; sourceTree = "<group>"; };
		2C1567E024C9A0DF00B8DCB5 /* GroceryTableViewController.swift */ = {isa = PBXFileReference; lastKnownFileType = sourcecode.swift; path = GroceryTableViewController.swift; sourceTree = "<group>"; };
		2C1567E424CAD08300B8DCB5 /* ReviewViewController.swift */ = {isa = PBXFileReference; lastKnownFileType = sourcecode.swift; path = ReviewViewController.swift; sourceTree = "<group>"; };
		2C1567E624CAD62100B8DCB5 /* ReviewsViewController.swift */ = {isa = PBXFileReference; lastKnownFileType = sourcecode.swift; path = ReviewsViewController.swift; sourceTree = "<group>"; };
		2C1567E824CADB6000B8DCB5 /* GroceryTableViewCell.swift */ = {isa = PBXFileReference; lastKnownFileType = sourcecode.swift; name = GroceryTableViewCell.swift; path = SuperStore/GroceryTableViewCell.swift; sourceTree = SOURCE_ROOT; };
		2C1567E924CADB6000B8DCB5 /* GroceryTableViewCell.xib */ = {isa = PBXFileReference; lastKnownFileType = file.xib; name = GroceryTableViewCell.xib; path = SuperStore/GroceryTableViewCell.xib; sourceTree = SOURCE_ROOT; };
		2C1567EE24CADB9C00B8DCB5 /* ReviewTableViewCell.swift */ = {isa = PBXFileReference; lastKnownFileType = sourcecode.swift; path = ReviewTableViewCell.swift; sourceTree = SOURCE_ROOT; };
		2C1567EF24CADB9C00B8DCB5 /* ReviewTableViewCell.xib */ = {isa = PBXFileReference; lastKnownFileType = file.xib; path = ReviewTableViewCell.xib; sourceTree = SOURCE_ROOT; };
		2C1567F224CC830B00B8DCB5 /* ProductViewController.swift */ = {isa = PBXFileReference; lastKnownFileType = sourcecode.swift; name = ProductViewController.swift; path = SuperStore/Views/ProductViewController.swift; sourceTree = SOURCE_ROOT; };
		2C1567F424CC845600B8DCB5 /* IngredientsViewController.swift */ = {isa = PBXFileReference; lastKnownFileType = sourcecode.swift; name = IngredientsViewController.swift; path = SuperStore/Views/IngredientsViewController.swift; sourceTree = SOURCE_ROOT; };
		2C266DF024D5A6C900C66EA5 /* ProductModel.swift */ = {isa = PBXFileReference; lastKnownFileType = sourcecode.swift; path = ProductModel.swift; sourceTree = "<group>"; };
		2C266DF224D5A6EA00C66EA5 /* ListProductModel.swift */ = {isa = PBXFileReference; lastKnownFileType = sourcecode.swift; path = ListProductModel.swift; sourceTree = "<group>"; };
		2C266DF424D5DC1400C66EA5 /* NewListViewController.swift */ = {isa = PBXFileReference; lastKnownFileType = sourcecode.swift; name = NewListViewController.swift; path = SuperStore/Views/NewListViewController.swift; sourceTree = SOURCE_ROOT; };
		2C266DF624D5DEDA00C66EA5 /* ListModel.swift */ = {isa = PBXFileReference; lastKnownFileType = sourcecode.swift; path = ListModel.swift; sourceTree = "<group>"; };
		2C266DF824D5DEF300C66EA5 /* StoreModel.swift */ = {isa = PBXFileReference; lastKnownFileType = sourcecode.swift; path = StoreModel.swift; sourceTree = "<group>"; };
		2C266DFA24D6E65A00C66EA5 /* GroceryGroupViewController.swift */ = {isa = PBXFileReference; lastKnownFileType = sourcecode.swift; name = GroceryGroupViewController.swift; path = SuperStore/Views/GroceryGroupViewController.swift; sourceTree = SOURCE_ROOT; };
		2C266DFC24D6E73500C66EA5 /* GroceryGroupModel.swift */ = {isa = PBXFileReference; lastKnownFileType = sourcecode.swift; name = GroceryGroupModel.swift; path = SuperStore/Views/GroceryGroupModel.swift; sourceTree = SOURCE_ROOT; };
		2C266DFE24D6FBC300C66EA5 /* SettingsChangeViewController.swift */ = {isa = PBXFileReference; lastKnownFileType = sourcecode.swift; name = SettingsChangeViewController.swift; path = SuperStore/Views/SettingsChangeViewController.swift; sourceTree = SOURCE_ROOT; };
		2C266E0024D702BD00C66EA5 /* ChangePasswordViewController.swift */ = {isa = PBXFileReference; lastKnownFileType = sourcecode.swift; path = ChangePasswordViewController.swift; sourceTree = "<group>"; };
		2C266E0224D70C3900C66EA5 /* SearchModel.swift */ = {isa = PBXFileReference; lastKnownFileType = sourcecode.swift; path = SearchModel.swift; sourceTree = "<group>"; };
		2C3F537C24D184C80095C4B1 /* SearchTableViewCell.swift */ = {isa = PBXFileReference; lastKnownFileType = sourcecode.swift; path = SearchTableViewCell.swift; sourceTree = "<group>"; };
		2C3F537D24D184C80095C4B1 /* SearchTableViewCell.xib */ = {isa = PBXFileReference; lastKnownFileType = file.xib; path = SearchTableViewCell.xib; sourceTree = "<group>"; };
		2C5B5C6B24D084FD0095C920 /* SearchResultsViewController.swift */ = {isa = PBXFileReference; lastKnownFileType = sourcecode.swift; path = SearchResultsViewController.swift; sourceTree = "<group>"; };
		2C5B5C6D24D085780095C920 /* ResultsViewController.swift */ = {isa = PBXFileReference; fileEncoding = 4; lastKnownFileType = sourcecode.swift; path = ResultsViewController.swift; sourceTree = "<group>"; };
		2C9C1B7824CCD07F001ACA35 /* ProductCollectionViewCell.swift */ = {isa = PBXFileReference; lastKnownFileType = sourcecode.swift; path = ProductCollectionViewCell.swift; sourceTree = "<group>"; };
		2C9C1B7924CCD07F001ACA35 /* ProductCollectionViewCell.xib */ = {isa = PBXFileReference; lastKnownFileType = file.xib; path = ProductCollectionViewCell.xib; sourceTree = "<group>"; };
		2C9C1B7D24CDBE38001ACA35 /* OpenSans-Regular.ttf */ = {isa = PBXFileReference; lastKnownFileType = file; path = "OpenSans-Regular.ttf"; sourceTree = "<group>"; };
		2C9C1B7E24CDBE38001ACA35 /* OpenSans-SemiBold.ttf */ = {isa = PBXFileReference; lastKnownFileType = file; path = "OpenSans-SemiBold.ttf"; sourceTree = "<group>"; };
		2C9C1B7F24CDD794001ACA35 /* ProductTableViewCell.swift */ = {isa = PBXFileReference; lastKnownFileType = sourcecode.swift; path = ProductTableViewCell.swift; sourceTree = "<group>"; };
		2C9C1B8024CDD794001ACA35 /* ProductTableViewCell.xib */ = {isa = PBXFileReference; lastKnownFileType = file.xib; path = ProductTableViewCell.xib; sourceTree = "<group>"; };
		2C9C1B8324CDDCF4001ACA35 /* OpenSans-Bold.ttf */ = {isa = PBXFileReference; lastKnownFileType = file; path = "OpenSans-Bold.ttf"; sourceTree = "<group>"; };
		2C9C1B8424CDDCFE001ACA35 /* OpenSans-ExtraBold.ttf */ = {isa = PBXFileReference; lastKnownFileType = file; path = "OpenSans-ExtraBold.ttf"; sourceTree = "<group>"; };
		2C9C1B8B24CEEF6F001ACA35 /* StoresMapTableViewCell.swift */ = {isa = PBXFileReference; lastKnownFileType = sourcecode.swift; path = StoresMapTableViewCell.swift; sourceTree = "<group>"; };
		2C9C1B8C24CEEF6F001ACA35 /* StoresMapTableViewCell.xib */ = {isa = PBXFileReference; lastKnownFileType = file.xib; path = StoresMapTableViewCell.xib; sourceTree = "<group>"; };
		2C9C1B8F24CEEF8F001ACA35 /* ListPriceUpdateTableViewCell.swift */ = {isa = PBXFileReference; lastKnownFileType = sourcecode.swift; path = ListPriceUpdateTableViewCell.swift; sourceTree = "<group>"; };
		2C9C1B9024CEEF90001ACA35 /* ListPriceUpdateTableViewCell.xib */ = {isa = PBXFileReference; lastKnownFileType = file.xib; path = ListPriceUpdateTableViewCell.xib; sourceTree = "<group>"; };
		2CB15C7024D18F4100461AFE /* SearchStoresTableViewController.swift */ = {isa = PBXFileReference; lastKnownFileType = sourcecode.swift; name = SearchStoresTableViewController.swift; path = SuperStore/Views/SearchStoresTableViewController.swift; sourceTree = SOURCE_ROOT; };
		2CB15C7424D190E500461AFE /* StoresResultsTableViewCell.swift */ = {isa = PBXFileReference; lastKnownFileType = sourcecode.swift; path = StoresResultsTableViewCell.swift; sourceTree = "<group>"; };
		2CB15C7524D190E500461AFE /* StoresResultsTableViewCell.xib */ = {isa = PBXFileReference; lastKnownFileType = file.xib; path = StoresResultsTableViewCell.xib; sourceTree = "<group>"; };
		2CB15C7824D1A21D00461AFE /* Montserrat-Medium.ttf */ = {isa = PBXFileReference; lastKnownFileType = file; path = "Montserrat-Medium.ttf"; sourceTree = "<group>"; };
		2CB15C7924D1A21D00461AFE /* Montserrat-SemiBold.ttf */ = {isa = PBXFileReference; lastKnownFileType = file; path = "Montserrat-SemiBold.ttf"; sourceTree = "<group>"; };
		2CB15C7A24D1A21D00461AFE /* Montserrat-Regular.ttf */ = {isa = PBXFileReference; lastKnownFileType = file; path = "Montserrat-Regular.ttf"; sourceTree = "<group>"; };
		2CB15C7B24D1A21D00461AFE /* Montserrat-Bold.ttf */ = {isa = PBXFileReference; lastKnownFileType = file; path = "Montserrat-Bold.ttf"; sourceTree = "<group>"; };
		2CB15C7C24D1A48E00461AFE /* SortFilterViewController.swift */ = {isa = PBXFileReference; lastKnownFileType = sourcecode.swift; path = SortFilterViewController.swift; sourceTree = "<group>"; };
		2CB15C8024D2D7FE00461AFE /* ListsTableViewCell.swift */ = {isa = PBXFileReference; lastKnownFileType = sourcecode.swift; path = ListsTableViewCell.swift; sourceTree = "<group>"; };
		2CB15C8124D2D7FE00461AFE /* ListsTableViewCell.xib */ = {isa = PBXFileReference; lastKnownFileType = file.xib; path = ListsTableViewCell.xib; sourceTree = "<group>"; };
		2CB15C9224D2FB8900461AFE /* ListItemTableViewCell.swift */ = {isa = PBXFileReference; lastKnownFileType = sourcecode.swift; path = ListItemTableViewCell.swift; sourceTree = "<group>"; };
		2CB15C9324D2FB8900461AFE /* ListItemTableViewCell.xib */ = {isa = PBXFileReference; lastKnownFileType = file.xib; path = ListItemTableViewCell.xib; sourceTree = "<group>"; };
		2CB15C9624D2FCD400461AFE /* ListViewController.swift */ = {isa = PBXFileReference; lastKnownFileType = sourcecode.swift; path = ListViewController.swift; sourceTree = "<group>"; };
		2CB15C9824D36E7E00461AFE /* StoreSelectViewController.swift */ = {isa = PBXFileReference; lastKnownFileType = sourcecode.swift; name = StoreSelectViewController.swift; path = SuperStore/Views/StoreSelectViewController.swift; sourceTree = SOURCE_ROOT; };
		2CE7AB0124D077C700A31782 /* SettingsTableViewController.swift */ = {isa = PBXFileReference; lastKnownFileType = sourcecode.swift; path = SettingsTableViewController.swift; sourceTree = "<group>"; };
		78A3D23A2EFDF10530DC6D40 /* Pods-SuperStore.debug.xcconfig */ = {isa = PBXFileReference; includeInIndex = 1; lastKnownFileType = text.xcconfig; name = "Pods-SuperStore.debug.xcconfig"; path = "Target Support Files/Pods-SuperStore/Pods-SuperStore.debug.xcconfig"; sourceTree = "<group>"; };
		81D954E4C76C0EAE824B9E7D /* Pods-SuperStore.release.xcconfig */ = {isa = PBXFileReference; includeInIndex = 1; lastKnownFileType = text.xcconfig; name = "Pods-SuperStore.release.xcconfig"; path = "Target Support Files/Pods-SuperStore/Pods-SuperStore.release.xcconfig"; sourceTree = "<group>"; };
/* End PBXFileReference section */

/* Begin PBXFrameworksBuildPhase section */
		2C1567B324C77FD800B8DCB5 /* Frameworks */ = {
			isa = PBXFrameworksBuildPhase;
			buildActionMask = 2147483647;
			files = (
				1C1BE4AD8045223682632323 /* Pods_SuperStore.framework in Frameworks */,
			);
			runOnlyForDeploymentPostprocessing = 0;
		};
/* End PBXFrameworksBuildPhase section */

/* Begin PBXGroup section */
		2C1567AD24C77FD800B8DCB5 = {
			isa = PBXGroup;
			children = (
				2C1567B824C77FD800B8DCB5 /* SuperStore */,
				2C1567B724C77FD800B8DCB5 /* Products */,
				429EF559B847C30D5A28936C /* Pods */,
				B75C7985088D4A4D2A58A54C /* Frameworks */,
			);
			sourceTree = "<group>";
		};
		2C1567B724C77FD800B8DCB5 /* Products */ = {
			isa = PBXGroup;
			children = (
				2C1567B624C77FD800B8DCB5 /* SuperStore.app */,
			);
			name = Products;
			sourceTree = "<group>";
		};
		2C1567B824C77FD800B8DCB5 /* SuperStore */ = {
			isa = PBXGroup;
			children = (
				2C1567B924C77FD800B8DCB5 /* AppDelegate.swift */,
				2C1567BB24C77FD800B8DCB5 /* SceneDelegate.swift */,
				2C1567CF24C8B2D500B8DCB5 /* Models */,
				2C1567CE24C8B2CC00B8DCB5 /* Views */,
				2C1567CD24C8B2B400B8DCB5 /* Controllers */,
				2C1567C224C77FDB00B8DCB5 /* Assets.xcassets */,
				2C9C1B7C24CDBE25001ACA35 /* Fonts */,
				2C1567C424C77FDB00B8DCB5 /* LaunchScreen.storyboard */,
				2C1567C724C77FDB00B8DCB5 /* Info.plist */,
			);
			path = SuperStore;
			sourceTree = "<group>";
		};
		2C1567CD24C8B2B400B8DCB5 /* Controllers */ = {
			isa = PBXGroup;
			children = (
				2C1567D024C8B33700B8DCB5 /* HomeViewController.swift */,
				2C1567D224C8B34700B8DCB5 /* SearchViewController.swift */,
				2C5B5C6B24D084FD0095C920 /* SearchResultsViewController.swift */,
				2CB15C7024D18F4100461AFE /* SearchStoresTableViewController.swift */,
				2C1567D824C8B36E00B8DCB5 /* FavouritesViewController.swift */,
				2C266DF424D5DC1400C66EA5 /* NewListViewController.swift */,
				2C1567D624C8B36200B8DCB5 /* ListsViewController.swift */,
				2CB15C9624D2FCD400461AFE /* ListViewController.swift */,
				2C1567DC24C8B3F000B8DCB5 /* StoreViewController.swift */,
				2C1567F224CC830B00B8DCB5 /* ProductViewController.swift */,
				2C1567F424CC845600B8DCB5 /* IngredientsViewController.swift */,
				2CB15C7C24D1A48E00461AFE /* SortFilterViewController.swift */,
				2C1567E624CAD62100B8DCB5 /* ReviewsViewController.swift */,
				2C266DFA24D6E65A00C66EA5 /* GroceryGroupViewController.swift */,
				2C1567DE24C994CA00B8DCB5 /* GroceriesViewController.swift */,
				2C1567E024C9A0DF00B8DCB5 /* GroceryTableViewController.swift */,
				2C5B5C6D24D085780095C920 /* ResultsViewController.swift */,
				2C1567E424CAD08300B8DCB5 /* ReviewViewController.swift */,
				2CE7AB0124D077C700A31782 /* SettingsTableViewController.swift */,
				2C266DFE24D6FBC300C66EA5 /* SettingsChangeViewController.swift */,
				2C266E0024D702BD00C66EA5 /* ChangePasswordViewController.swift */,
				2CB15C9824D36E7E00461AFE /* StoreSelectViewController.swift */,
			);
			path = Controllers;
			sourceTree = "<group>";
		};
		2C1567CE24C8B2CC00B8DCB5 /* Views */ = {
			isa = PBXGroup;
			children = (
				2C1567BF24C77FD800B8DCB5 /* Main.storyboard */,
				2C9C1B7F24CDD794001ACA35 /* ProductTableViewCell.swift */,
				2C9C1B8024CDD794001ACA35 /* ProductTableViewCell.xib */,
				2C9C1B7824CCD07F001ACA35 /* ProductCollectionViewCell.swift */,
				2C9C1B7924CCD07F001ACA35 /* ProductCollectionViewCell.xib */,
				2C9C1B8B24CEEF6F001ACA35 /* StoresMapTableViewCell.swift */,
				2C9C1B8C24CEEF6F001ACA35 /* StoresMapTableViewCell.xib */,
				2CB15C7424D190E500461AFE /* StoresResultsTableViewCell.swift */,
				2CB15C7524D190E500461AFE /* StoresResultsTableViewCell.xib */,
				2C9C1B8F24CEEF8F001ACA35 /* ListPriceUpdateTableViewCell.swift */,
				2C9C1B9024CEEF90001ACA35 /* ListPriceUpdateTableViewCell.xib */,
				2C1567EE24CADB9C00B8DCB5 /* ReviewTableViewCell.swift */,
				2C1567EF24CADB9C00B8DCB5 /* ReviewTableViewCell.xib */,
				2C1567E824CADB6000B8DCB5 /* GroceryTableViewCell.swift */,
				2C1567E924CADB6000B8DCB5 /* GroceryTableViewCell.xib */,
				2C3F537C24D184C80095C4B1 /* SearchTableViewCell.swift */,
				2C3F537D24D184C80095C4B1 /* SearchTableViewCell.xib */,
				2CB15C8024D2D7FE00461AFE /* ListsTableViewCell.swift */,
				2CB15C8124D2D7FE00461AFE /* ListsTableViewCell.xib */,
				2CB15C9324D2FB8900461AFE /* ListItemTableViewCell.xib */,
				2CB15C9224D2FB8900461AFE /* ListItemTableViewCell.swift */,
			);
			path = Views;
			sourceTree = "<group>";
		};
		2C1567CF24C8B2D500B8DCB5 /* Models */ = {
			isa = PBXGroup;
			children = (
				2C1567DA24C8B3B200B8DCB5 /* K.swift */,
				2C266DF024D5A6C900C66EA5 /* ProductModel.swift */,
				2C266DF224D5A6EA00C66EA5 /* ListProductModel.swift */,
				2C266DF624D5DEDA00C66EA5 /* ListModel.swift */,
				2C266DF824D5DEF300C66EA5 /* StoreModel.swift */,
				2C266E0224D70C3900C66EA5 /* SearchModel.swift */,
				2C266DFC24D6E73500C66EA5 /* GroceryGroupModel.swift */,
			);
			path = Models;
			sourceTree = "<group>";
		};
		2C9C1B7C24CDBE25001ACA35 /* Fonts */ = {
			isa = PBXGroup;
			children = (
				2C9C1B7D24CDBE38001ACA35 /* OpenSans-Regular.ttf */,
				2C9C1B8424CDDCFE001ACA35 /* OpenSans-ExtraBold.ttf */,
				2C9C1B8324CDDCF4001ACA35 /* OpenSans-Bold.ttf */,
				2CB15C7B24D1A21D00461AFE /* Montserrat-Bold.ttf */,
				2CB15C7824D1A21D00461AFE /* Montserrat-Medium.ttf */,
				2CB15C7A24D1A21D00461AFE /* Montserrat-Regular.ttf */,
				2CB15C7924D1A21D00461AFE /* Montserrat-SemiBold.ttf */,
				2C9C1B7E24CDBE38001ACA35 /* OpenSans-SemiBold.ttf */,
			);
			path = Fonts;
			sourceTree = "<group>";
		};
		429EF559B847C30D5A28936C /* Pods */ = {
			isa = PBXGroup;
			children = (
				78A3D23A2EFDF10530DC6D40 /* Pods-SuperStore.debug.xcconfig */,
				81D954E4C76C0EAE824B9E7D /* Pods-SuperStore.release.xcconfig */,
			);
			path = Pods;
			sourceTree = "<group>";
		};
		B75C7985088D4A4D2A58A54C /* Frameworks */ = {
			isa = PBXGroup;
			children = (
				2A6527B7848ED54283EE5DD9 /* Pods_SuperStore.framework */,
			);
			name = Frameworks;
			sourceTree = "<group>";
		};
/* End PBXGroup section */

/* Begin PBXNativeTarget section */
		2C1567B524C77FD800B8DCB5 /* SuperStore */ = {
			isa = PBXNativeTarget;
			buildConfigurationList = 2C1567CA24C77FDB00B8DCB5 /* Build configuration list for PBXNativeTarget "SuperStore" */;
			buildPhases = (
				2A75DF1342158863C158391B /* [CP] Check Pods Manifest.lock */,
				2C1567B224C77FD800B8DCB5 /* Sources */,
				2C1567B324C77FD800B8DCB5 /* Frameworks */,
				2C1567B424C77FD800B8DCB5 /* Resources */,
				FEC50E202F161D07AD3C6FEC /* [CP] Embed Pods Frameworks */,
			);
			buildRules = (
			);
			dependencies = (
			);
			name = SuperStore;
			productName = SuperStore;
			productReference = 2C1567B624C77FD800B8DCB5 /* SuperStore.app */;
			productType = "com.apple.product-type.application";
		};
/* End PBXNativeTarget section */

/* Begin PBXProject section */
		2C1567AE24C77FD800B8DCB5 /* Project object */ = {
			isa = PBXProject;
			attributes = {
				LastSwiftUpdateCheck = 1160;
				LastUpgradeCheck = 1160;
				ORGANIZATIONNAME = "Zakariya Mohummed";
				TargetAttributes = {
					2C1567B524C77FD800B8DCB5 = {
						CreatedOnToolsVersion = 11.6;
					};
				};
			};
			buildConfigurationList = 2C1567B124C77FD800B8DCB5 /* Build configuration list for PBXProject "SuperStore" */;
			compatibilityVersion = "Xcode 9.3";
			developmentRegion = en;
			hasScannedForEncodings = 0;
			knownRegions = (
				en,
				Base,
			);
			mainGroup = 2C1567AD24C77FD800B8DCB5;
			productRefGroup = 2C1567B724C77FD800B8DCB5 /* Products */;
			projectDirPath = "";
			projectRoot = "";
			targets = (
				2C1567B524C77FD800B8DCB5 /* SuperStore */,
			);
		};
/* End PBXProject section */

/* Begin PBXResourcesBuildPhase section */
		2C1567B424C77FD800B8DCB5 /* Resources */ = {
			isa = PBXResourcesBuildPhase;
			buildActionMask = 2147483647;
			files = (
				2C9C1B8524CDDDCE001ACA35 /* OpenSans-Regular.ttf in Resources */,
				2CB15C9524D2FB8900461AFE /* ListItemTableViewCell.xib in Resources */,
				2C9C1B8624CDDDCE001ACA35 /* OpenSans-ExtraBold.ttf in Resources */,
				2C9C1B9224CEEF90001ACA35 /* ListPriceUpdateTableViewCell.xib in Resources */,
				2C9C1B8724CDDDCE001ACA35 /* OpenSans-Bold.ttf in Resources */,
				2C9C1B8824CDDDCE001ACA35 /* OpenSans-SemiBold.ttf in Resources */,
				2CB15C8324D2D7FE00461AFE /* ListsTableViewCell.xib in Resources */,
				2C9C1B8E24CEEF6F001ACA35 /* StoresMapTableViewCell.xib in Resources */,
				2C1567C624C77FDB00B8DCB5 /* LaunchScreen.storyboard in Resources */,
				2C1567C324C77FDB00B8DCB5 /* Assets.xcassets in Resources */,
				2C9C1B7B24CCD07F001ACA35 /* ProductCollectionViewCell.xib in Resources */,
				2C9C1B8224CDD794001ACA35 /* ProductTableViewCell.xib in Resources */,
				2C1567C124C77FD800B8DCB5 /* Main.storyboard in Resources */,
				2C3F537F24D184C80095C4B1 /* SearchTableViewCell.xib in Resources */,
				2C1567F124CADB9C00B8DCB5 /* ReviewTableViewCell.xib in Resources */,
				2C1567EB24CADB6000B8DCB5 /* GroceryTableViewCell.xib in Resources */,
				2CB15C7724D190E500461AFE /* StoresResultsTableViewCell.xib in Resources */,
			);
			runOnlyForDeploymentPostprocessing = 0;
		};
/* End PBXResourcesBuildPhase section */

/* Begin PBXShellScriptBuildPhase section */
		2A75DF1342158863C158391B /* [CP] Check Pods Manifest.lock */ = {
			isa = PBXShellScriptBuildPhase;
			buildActionMask = 2147483647;
			files = (
			);
			inputFileListPaths = (
			);
			inputPaths = (
				"${PODS_PODFILE_DIR_PATH}/Podfile.lock",
				"${PODS_ROOT}/Manifest.lock",
			);
			name = "[CP] Check Pods Manifest.lock";
			outputFileListPaths = (
			);
			outputPaths = (
				"$(DERIVED_FILE_DIR)/Pods-SuperStore-checkManifestLockResult.txt",
			);
			runOnlyForDeploymentPostprocessing = 0;
			shellPath = /bin/sh;
			shellScript = "diff \"${PODS_PODFILE_DIR_PATH}/Podfile.lock\" \"${PODS_ROOT}/Manifest.lock\" > /dev/null\nif [ $? != 0 ] ; then\n    # print error to STDERR\n    echo \"error: The sandbox is not in sync with the Podfile.lock. Run 'pod install' or update your CocoaPods installation.\" >&2\n    exit 1\nfi\n# This output is used by Xcode 'outputs' to avoid re-running this script phase.\necho \"SUCCESS\" > \"${SCRIPT_OUTPUT_FILE_0}\"\n";
			showEnvVarsInLog = 0;
		};
		FEC50E202F161D07AD3C6FEC /* [CP] Embed Pods Frameworks */ = {
			isa = PBXShellScriptBuildPhase;
			buildActionMask = 2147483647;
			files = (
			);
			inputFileListPaths = (
				"${PODS_ROOT}/Target Support Files/Pods-SuperStore/Pods-SuperStore-frameworks-${CONFIGURATION}-input-files.xcfilelist",
			);
			name = "[CP] Embed Pods Frameworks";
			outputFileListPaths = (
				"${PODS_ROOT}/Target Support Files/Pods-SuperStore/Pods-SuperStore-frameworks-${CONFIGURATION}-output-files.xcfilelist",
			);
			runOnlyForDeploymentPostprocessing = 0;
			shellPath = /bin/sh;
			shellScript = "\"${PODS_ROOT}/Target Support Files/Pods-SuperStore/Pods-SuperStore-frameworks.sh\"\n";
			showEnvVarsInLog = 0;
		};
/* End PBXShellScriptBuildPhase section */

/* Begin PBXSourcesBuildPhase section */
		2C1567B224C77FD800B8DCB5 /* Sources */ = {
			isa = PBXSourcesBuildPhase;
			buildActionMask = 2147483647;
			files = (
				2C1567DD24C8B3F000B8DCB5 /* StoreViewController.swift in Sources */,
				2C266DF524D5DC1400C66EA5 /* NewListViewController.swift in Sources */,
				2CB15C8224D2D7FE00461AFE /* ListsTableViewCell.swift in Sources */,
				2C5B5C6E24D085780095C920 /* ResultsViewController.swift in Sources */,
				2C266DF724D5DEDA00C66EA5 /* ListModel.swift in Sources */,
				2C1567D924C8B36E00B8DCB5 /* FavouritesViewController.swift in Sources */,
				2CB15C9924D36E7E00461AFE /* StoreSelectViewController.swift in Sources */,
				2C1567E524CAD08300B8DCB5 /* ReviewViewController.swift in Sources */,
				2CB15C7D24D1A48E00461AFE /* SortFilterViewController.swift in Sources */,
				2C9C1B8124CDD794001ACA35 /* ProductTableViewCell.swift in Sources */,
				2C1567D724C8B36200B8DCB5 /* ListsViewController.swift in Sources */,
				2C1567F324CC830B00B8DCB5 /* ProductViewController.swift in Sources */,
				2CB15C7124D18F4100461AFE /* SearchStoresTableViewController.swift in Sources */,
				2C266E0324D70C3900C66EA5 /* SearchModel.swift in Sources */,
				2C1567D324C8B34700B8DCB5 /* SearchViewController.swift in Sources */,
				2C1567E724CAD62100B8DCB5 /* ReviewsViewController.swift in Sources */,
				2C266DFF24D6FBC300C66EA5 /* SettingsChangeViewController.swift in Sources */,
				2C1567BA24C77FD800B8DCB5 /* AppDelegate.swift in Sources */,
				2C9C1B9124CEEF90001ACA35 /* ListPriceUpdateTableViewCell.swift in Sources */,
				2C266DFD24D6E73500C66EA5 /* GroceryGroupModel.swift in Sources */,
				2C1567F024CADB9C00B8DCB5 /* ReviewTableViewCell.swift in Sources */,
				2C1567BC24C77FD800B8DCB5 /* SceneDelegate.swift in Sources */,
				2C266DFB24D6E65A00C66EA5 /* GroceryGroupViewController.swift in Sources */,
				2C1567E124C9A0DF00B8DCB5 /* GroceryTableViewController.swift in Sources */,
				2C1567D124C8B33700B8DCB5 /* HomeViewController.swift in Sources */,
				2C1567DB24C8B3B200B8DCB5 /* K.swift in Sources */,
				2C1567F524CC845600B8DCB5 /* IngredientsViewController.swift in Sources */,
				2CB15C9424D2FB8900461AFE /* ListItemTableViewCell.swift in Sources */,
				2C1567EA24CADB6000B8DCB5 /* GroceryTableViewCell.swift in Sources */,
				2C266DF924D5DEF300C66EA5 /* StoreModel.swift in Sources */,
				2CE7AB0224D077C700A31782 /* SettingsTableViewController.swift in Sources */,
				2C3F537E24D184C80095C4B1 /* SearchTableViewCell.swift in Sources */,
				2CB15C9724D2FCD400461AFE /* ListViewController.swift in Sources */,
				2C9C1B7A24CCD07F001ACA35 /* ProductCollectionViewCell.swift in Sources */,
				2C266E0124D702BD00C66EA5 /* ChangePasswordViewController.swift in Sources */,
				2CB15C7624D190E500461AFE /* StoresResultsTableViewCell.swift in Sources */,
				2C9C1B8D24CEEF6F001ACA35 /* StoresMapTableViewCell.swift in Sources */,
				2C1567DF24C994CA00B8DCB5 /* GroceriesViewController.swift in Sources */,
				2C5B5C6C24D084FD0095C920 /* SearchResultsViewController.swift in Sources */,
				2C266DF324D5A6EA00C66EA5 /* ListProductModel.swift in Sources */,
				2C266DF124D5A6C900C66EA5 /* ProductModel.swift in Sources */,
			);
			runOnlyForDeploymentPostprocessing = 0;
		};
/* End PBXSourcesBuildPhase section */

/* Begin PBXVariantGroup section */
		2C1567BF24C77FD800B8DCB5 /* Main.storyboard */ = {
			isa = PBXVariantGroup;
			children = (
				2C1567C024C77FD800B8DCB5 /* Base */,
			);
			name = Main.storyboard;
			sourceTree = "<group>";
		};
		2C1567C424C77FDB00B8DCB5 /* LaunchScreen.storyboard */ = {
			isa = PBXVariantGroup;
			children = (
				2C1567C524C77FDB00B8DCB5 /* Base */,
			);
			name = LaunchScreen.storyboard;
			sourceTree = "<group>";
		};
/* End PBXVariantGroup section */

/* Begin XCBuildConfiguration section */
		2C1567C824C77FDB00B8DCB5 /* Debug */ = {
			isa = XCBuildConfiguration;
			buildSettings = {
				ALWAYS_SEARCH_USER_PATHS = NO;
				CLANG_ANALYZER_NONNULL = YES;
				CLANG_ANALYZER_NUMBER_OBJECT_CONVERSION = YES_AGGRESSIVE;
				CLANG_CXX_LANGUAGE_STANDARD = "gnu++14";
				CLANG_CXX_LIBRARY = "libc++";
				CLANG_ENABLE_MODULES = YES;
				CLANG_ENABLE_OBJC_ARC = YES;
				CLANG_ENABLE_OBJC_WEAK = YES;
				CLANG_WARN_BLOCK_CAPTURE_AUTORELEASING = YES;
				CLANG_WARN_BOOL_CONVERSION = YES;
				CLANG_WARN_COMMA = YES;
				CLANG_WARN_CONSTANT_CONVERSION = YES;
				CLANG_WARN_DEPRECATED_OBJC_IMPLEMENTATIONS = YES;
				CLANG_WARN_DIRECT_OBJC_ISA_USAGE = YES_ERROR;
				CLANG_WARN_DOCUMENTATION_COMMENTS = YES;
				CLANG_WARN_EMPTY_BODY = YES;
				CLANG_WARN_ENUM_CONVERSION = YES;
				CLANG_WARN_INFINITE_RECURSION = YES;
				CLANG_WARN_INT_CONVERSION = YES;
				CLANG_WARN_NON_LITERAL_NULL_CONVERSION = YES;
				CLANG_WARN_OBJC_IMPLICIT_RETAIN_SELF = YES;
				CLANG_WARN_OBJC_LITERAL_CONVERSION = YES;
				CLANG_WARN_OBJC_ROOT_CLASS = YES_ERROR;
				CLANG_WARN_RANGE_LOOP_ANALYSIS = YES;
				CLANG_WARN_STRICT_PROTOTYPES = YES;
				CLANG_WARN_SUSPICIOUS_MOVE = YES;
				CLANG_WARN_UNGUARDED_AVAILABILITY = YES_AGGRESSIVE;
				CLANG_WARN_UNREACHABLE_CODE = YES;
				CLANG_WARN__DUPLICATE_METHOD_MATCH = YES;
				COPY_PHASE_STRIP = NO;
				DEBUG_INFORMATION_FORMAT = dwarf;
				ENABLE_STRICT_OBJC_MSGSEND = YES;
				ENABLE_TESTABILITY = YES;
				GCC_C_LANGUAGE_STANDARD = gnu11;
				GCC_DYNAMIC_NO_PIC = NO;
				GCC_NO_COMMON_BLOCKS = YES;
				GCC_OPTIMIZATION_LEVEL = 0;
				GCC_PREPROCESSOR_DEFINITIONS = (
					"DEBUG=1",
					"$(inherited)",
				);
				GCC_WARN_64_TO_32_BIT_CONVERSION = YES;
				GCC_WARN_ABOUT_RETURN_TYPE = YES_ERROR;
				GCC_WARN_UNDECLARED_SELECTOR = YES;
				GCC_WARN_UNINITIALIZED_AUTOS = YES_AGGRESSIVE;
				GCC_WARN_UNUSED_FUNCTION = YES;
				GCC_WARN_UNUSED_VARIABLE = YES;
				IPHONEOS_DEPLOYMENT_TARGET = 13.6;
				MTL_ENABLE_DEBUG_INFO = INCLUDE_SOURCE;
				MTL_FAST_MATH = YES;
				ONLY_ACTIVE_ARCH = YES;
				SDKROOT = iphoneos;
				SWIFT_ACTIVE_COMPILATION_CONDITIONS = DEBUG;
				SWIFT_OPTIMIZATION_LEVEL = "-Onone";
			};
			name = Debug;
		};
		2C1567C924C77FDB00B8DCB5 /* Release */ = {
			isa = XCBuildConfiguration;
			buildSettings = {
				ALWAYS_SEARCH_USER_PATHS = NO;
				CLANG_ANALYZER_NONNULL = YES;
				CLANG_ANALYZER_NUMBER_OBJECT_CONVERSION = YES_AGGRESSIVE;
				CLANG_CXX_LANGUAGE_STANDARD = "gnu++14";
				CLANG_CXX_LIBRARY = "libc++";
				CLANG_ENABLE_MODULES = YES;
				CLANG_ENABLE_OBJC_ARC = YES;
				CLANG_ENABLE_OBJC_WEAK = YES;
				CLANG_WARN_BLOCK_CAPTURE_AUTORELEASING = YES;
				CLANG_WARN_BOOL_CONVERSION = YES;
				CLANG_WARN_COMMA = YES;
				CLANG_WARN_CONSTANT_CONVERSION = YES;
				CLANG_WARN_DEPRECATED_OBJC_IMPLEMENTATIONS = YES;
				CLANG_WARN_DIRECT_OBJC_ISA_USAGE = YES_ERROR;
				CLANG_WARN_DOCUMENTATION_COMMENTS = YES;
				CLANG_WARN_EMPTY_BODY = YES;
				CLANG_WARN_ENUM_CONVERSION = YES;
				CLANG_WARN_INFINITE_RECURSION = YES;
				CLANG_WARN_INT_CONVERSION = YES;
				CLANG_WARN_NON_LITERAL_NULL_CONVERSION = YES;
				CLANG_WARN_OBJC_IMPLICIT_RETAIN_SELF = YES;
				CLANG_WARN_OBJC_LITERAL_CONVERSION = YES;
				CLANG_WARN_OBJC_ROOT_CLASS = YES_ERROR;
				CLANG_WARN_RANGE_LOOP_ANALYSIS = YES;
				CLANG_WARN_STRICT_PROTOTYPES = YES;
				CLANG_WARN_SUSPICIOUS_MOVE = YES;
				CLANG_WARN_UNGUARDED_AVAILABILITY = YES_AGGRESSIVE;
				CLANG_WARN_UNREACHABLE_CODE = YES;
				CLANG_WARN__DUPLICATE_METHOD_MATCH = YES;
				COPY_PHASE_STRIP = NO;
				DEBUG_INFORMATION_FORMAT = "dwarf-with-dsym";
				ENABLE_NS_ASSERTIONS = NO;
				ENABLE_STRICT_OBJC_MSGSEND = YES;
				GCC_C_LANGUAGE_STANDARD = gnu11;
				GCC_NO_COMMON_BLOCKS = YES;
				GCC_WARN_64_TO_32_BIT_CONVERSION = YES;
				GCC_WARN_ABOUT_RETURN_TYPE = YES_ERROR;
				GCC_WARN_UNDECLARED_SELECTOR = YES;
				GCC_WARN_UNINITIALIZED_AUTOS = YES_AGGRESSIVE;
				GCC_WARN_UNUSED_FUNCTION = YES;
				GCC_WARN_UNUSED_VARIABLE = YES;
				IPHONEOS_DEPLOYMENT_TARGET = 13.6;
				MTL_ENABLE_DEBUG_INFO = NO;
				MTL_FAST_MATH = YES;
				SDKROOT = iphoneos;
				SWIFT_COMPILATION_MODE = wholemodule;
				SWIFT_OPTIMIZATION_LEVEL = "-O";
				VALIDATE_PRODUCT = YES;
			};
			name = Release;
		};
		2C1567CB24C77FDB00B8DCB5 /* Debug */ = {
			isa = XCBuildConfiguration;
			baseConfigurationReference = 78A3D23A2EFDF10530DC6D40 /* Pods-SuperStore.debug.xcconfig */;
			buildSettings = {
				ASSETCATALOG_COMPILER_APPICON_NAME = AppIcon;
				CODE_SIGN_STYLE = Automatic;
				DEVELOPMENT_TEAM = 5FCM3X5N8A;
				INFOPLIST_FILE = SuperStore/Info.plist;
				IPHONEOS_DEPLOYMENT_TARGET = 13.0;
				LD_RUNPATH_SEARCH_PATHS = (
					"$(inherited)",
					"@executable_path/Frameworks",
				);
				PRODUCT_BUNDLE_IDENTIFIER = com.zakariya.SuperStore;
				PRODUCT_NAME = "$(TARGET_NAME)";
				SWIFT_VERSION = 5.0;
				TARGETED_DEVICE_FAMILY = "1,2";
			};
			name = Debug;
		};
		2C1567CC24C77FDB00B8DCB5 /* Release */ = {
			isa = XCBuildConfiguration;
			baseConfigurationReference = 81D954E4C76C0EAE824B9E7D /* Pods-SuperStore.release.xcconfig */;
			buildSettings = {
				ASSETCATALOG_COMPILER_APPICON_NAME = AppIcon;
				CODE_SIGN_STYLE = Automatic;
				DEVELOPMENT_TEAM = 5FCM3X5N8A;
				INFOPLIST_FILE = SuperStore/Info.plist;
				IPHONEOS_DEPLOYMENT_TARGET = 13.0;
				LD_RUNPATH_SEARCH_PATHS = (
					"$(inherited)",
					"@executable_path/Frameworks",
				);
				PRODUCT_BUNDLE_IDENTIFIER = com.zakariya.SuperStore;
				PRODUCT_NAME = "$(TARGET_NAME)";
				SWIFT_VERSION = 5.0;
				TARGETED_DEVICE_FAMILY = "1,2";
			};
			name = Release;
		};
/* End XCBuildConfiguration section */

/* Begin XCConfigurationList section */
		2C1567B124C77FD800B8DCB5 /* Build configuration list for PBXProject "SuperStore" */ = {
			isa = XCConfigurationList;
			buildConfigurations = (
				2C1567C824C77FDB00B8DCB5 /* Debug */,
				2C1567C924C77FDB00B8DCB5 /* Release */,
			);
			defaultConfigurationIsVisible = 0;
			defaultConfigurationName = Release;
		};
		2C1567CA24C77FDB00B8DCB5 /* Build configuration list for PBXNativeTarget "SuperStore" */ = {
			isa = XCConfigurationList;
			buildConfigurations = (
				2C1567CB24C77FDB00B8DCB5 /* Debug */,
				2C1567CC24C77FDB00B8DCB5 /* Release */,
			);
			defaultConfigurationIsVisible = 0;
			defaultConfigurationName = Release;
		};
/* End XCConfigurationList section */
	};
	rootObject = 2C1567AE24C77FD800B8DCB5 /* Project object */;
}
